// !$*UTF8*$!
{
	archiveVersion = 1;
	classes = {
	};
	objectVersion = 48;
	objects = {

/* Begin PBXBuildFile section */
		36065A4CFA16600DA913D725 /* Pods_iOSProjectTests.framework in Frameworks */ = {isa = PBXBuildFile; fileRef = F23D90B39139BA64025F87DA /* Pods_iOSProjectTests.framework */; };
		732079152068DE7900F43EB9 /* AppDelegate.m in Sources */ = {isa = PBXBuildFile; fileRef = 732079142068DE7900F43EB9 /* AppDelegate.m */; };
		7320791D2068DE7900F43EB9 /* Assets.xcassets in Resources */ = {isa = PBXBuildFile; fileRef = 7320791C2068DE7900F43EB9 /* Assets.xcassets */; };
		732079202068DE7900F43EB9 /* LaunchScreen.storyboard in Resources */ = {isa = PBXBuildFile; fileRef = 7320791E2068DE7900F43EB9 /* LaunchScreen.storyboard */; };
		732079232068DE7900F43EB9 /* main.m in Sources */ = {isa = PBXBuildFile; fileRef = 732079222068DE7900F43EB9 /* main.m */; };
		7320792D2068DE7900F43EB9 /* iOSProjectTests.m in Sources */ = {isa = PBXBuildFile; fileRef = 7320792C2068DE7900F43EB9 /* iOSProjectTests.m */; };
		732079382068DE7900F43EB9 /* iOSProjectUITests.m in Sources */ = {isa = PBXBuildFile; fileRef = 732079372068DE7900F43EB9 /* iOSProjectUITests.m */; };
		732079562068E11E00F43EB9 /* MainTabBarController.m in Sources */ = {isa = PBXBuildFile; fileRef = 732079552068E11E00F43EB9 /* MainTabBarController.m */; };
		734E569C206C884A00618D08 /* UIButton+LoadImage.m in Sources */ = {isa = PBXBuildFile; fileRef = 734E569B206C884A00618D08 /* UIButton+LoadImage.m */; };
		73AA2C7A2069D7A900179746 /* MainViewController.m in Sources */ = {isa = PBXBuildFile; fileRef = 73AA2C792069D7A900179746 /* MainViewController.m */; };
		73AA2C7D2069ED6000179746 /* MainLeftViewController.m in Sources */ = {isa = PBXBuildFile; fileRef = 73AA2C7C2069ED6000179746 /* MainLeftViewController.m */; };
		73B3C31E208ED53400B4AAA3 /* WKWebView+SearchWebView.m in Sources */ = {isa = PBXBuildFile; fileRef = 73B3C31D208ED53400B4AAA3 /* WKWebView+SearchWebView.m */; };
		73B3C320208ED57700B4AAA3 /* SearchWebView.js in Resources */ = {isa = PBXBuildFile; fileRef = 73B3C31F208ED57700B4AAA3 /* SearchWebView.js */; };
		73B3C323208ED97100B4AAA3 /* EPUBParser.m in Sources */ = {isa = PBXBuildFile; fileRef = 73B3C322208ED97100B4AAA3 /* EPUBParser.m */; };
		73B3C325208EDC3A00B4AAA3 /* iOSApprentice.epub in Resources */ = {isa = PBXBuildFile; fileRef = 73B3C324208EDC3A00B4AAA3 /* iOSApprentice.epub */; };
		73B3C328208EDDDD00B4AAA3 /* EPUBModel.m in Sources */ = {isa = PBXBuildFile; fileRef = 73B3C327208EDDDD00B4AAA3 /* EPUBModel.m */; };
		73C492B4206C78C0003FE21A /* UIImageView+LoadImage.m in Sources */ = {isa = PBXBuildFile; fileRef = 73C492B3206C78C0003FE21A /* UIImageView+LoadImage.m */; };
		73D06BC2206B5B7500EE31C5 /* DXWNavigationController.m in Sources */ = {isa = PBXBuildFile; fileRef = 73D06BC1206B5B7500EE31C5 /* DXWNavigationController.m */; };
		73D06BC8206B6E4A00EE31C5 /* DXWViewController.m in Sources */ = {isa = PBXBuildFile; fileRef = 73D06BC7206B6E4A00EE31C5 /* DXWViewController.m */; };
		73D06BCB206B6E7700EE31C5 /* MeViewController.m in Sources */ = {isa = PBXBuildFile; fileRef = 73D06BCA206B6E7700EE31C5 /* MeViewController.m */; };
		73D06BD2206B6F3A00EE31C5 /* FindViewController.m in Sources */ = {isa = PBXBuildFile; fileRef = 73D06BD1206B6F3A00EE31C5 /* FindViewController.m */; };
		73D06BDA206B8E3200EE31C5 /* BookViewController.m in Sources */ = {isa = PBXBuildFile; fileRef = 73D06BD9206B8E3200EE31C5 /* BookViewController.m */; };
		73DC4D76207A1CF80047F53A /* AppDelegate+VisibleNVC.m in Sources */ = {isa = PBXBuildFile; fileRef = 73DC4D75207A1CF80047F53A /* AppDelegate+VisibleNVC.m */; };
		73E423FF208DDF0500512A43 /* GSViewController.m in Sources */ = {isa = PBXBuildFile; fileRef = 73E423FE208DDF0500512A43 /* GSViewController.m */; };
		73E42401208DDF3B00512A43 /* 3588.PNG in Resources */ = {isa = PBXBuildFile; fileRef = 73E42400208DDF3A00512A43 /* 3588.PNG */; };
		73F2237F2085993500946D69 /* EPUBReadViewController.m in Sources */ = {isa = PBXBuildFile; fileRef = 73F2237E2085993500946D69 /* EPUBReadViewController.m */; };
		73F2238220859C3D00946D69 /* EPUBViewController.m in Sources */ = {isa = PBXBuildFile; fileRef = 73F2238120859C3D00946D69 /* EPUBViewController.m */; };
		73F223882085E22F00946D69 /* EPUBBackViewController.m in Sources */ = {isa = PBXBuildFile; fileRef = 73F223872085E22F00946D69 /* EPUBBackViewController.m */; };
		73F2238B2085EDAD00946D69 /* EPUBWebView.m in Sources */ = {isa = PBXBuildFile; fileRef = 73F2238A2085EDAD00946D69 /* EPUBWebView.m */; };
		73F2238E2085FD5000946D69 /* EPUBReadSetting.m in Sources */ = {isa = PBXBuildFile; fileRef = 73F2238D2085FD5000946D69 /* EPUBReadSetting.m */; };
		73FB00CC2079DED800F61099 /* BookTableViewController.m in Sources */ = {isa = PBXBuildFile; fileRef = 73FB00CB2079DED800F61099 /* BookTableViewController.m */; };
		73FB00CF2079E15A00F61099 /* BookTableViewCell.m in Sources */ = {isa = PBXBuildFile; fileRef = 73FB00CE2079E15A00F61099 /* BookTableViewCell.m */; };
		73FB00D22079ECFE00F61099 /* UIImage+Color.m in Sources */ = {isa = PBXBuildFile; fileRef = 73FB00D12079ECFE00F61099 /* UIImage+Color.m */; };
		E591E7066520094A173EE52C /* Pods_iOSProjectUITests.framework in Frameworks */ = {isa = PBXBuildFile; fileRef = 46AEA1ED68C628633D6DA988 /* Pods_iOSProjectUITests.framework */; };
		F1F1489A7276D46E9189DA8D /* Pods_iOSProject.framework in Frameworks */ = {isa = PBXBuildFile; fileRef = 258F9845E2A14974DD40739B /* Pods_iOSProject.framework */; };
/* End PBXBuildFile section */

/* Begin PBXContainerItemProxy section */
		732079292068DE7900F43EB9 /* PBXContainerItemProxy */ = {
			isa = PBXContainerItemProxy;
			containerPortal = 732079082068DE7900F43EB9 /* Project object */;
			proxyType = 1;
			remoteGlobalIDString = 7320790F2068DE7900F43EB9;
			remoteInfo = iOSProject;
		};
		732079342068DE7900F43EB9 /* PBXContainerItemProxy */ = {
			isa = PBXContainerItemProxy;
			containerPortal = 732079082068DE7900F43EB9 /* Project object */;
			proxyType = 1;
			remoteGlobalIDString = 7320790F2068DE7900F43EB9;
			remoteInfo = iOSProject;
		};
/* End PBXContainerItemProxy section */

/* Begin PBXFileReference section */
		210D74A44C82AF942B1E4879 /* Pods-iOSProjectUITests.debug.xcconfig */ = {isa = PBXFileReference; includeInIndex = 1; lastKnownFileType = text.xcconfig; name = "Pods-iOSProjectUITests.debug.xcconfig"; path = "Pods/Target Support Files/Pods-iOSProjectUITests/Pods-iOSProjectUITests.debug.xcconfig"; sourceTree = "<group>"; };
		258F9845E2A14974DD40739B /* Pods_iOSProject.framework */ = {isa = PBXFileReference; explicitFileType = wrapper.framework; includeInIndex = 0; path = Pods_iOSProject.framework; sourceTree = BUILT_PRODUCTS_DIR; };
		46AEA1ED68C628633D6DA988 /* Pods_iOSProjectUITests.framework */ = {isa = PBXFileReference; explicitFileType = wrapper.framework; includeInIndex = 0; path = Pods_iOSProjectUITests.framework; sourceTree = BUILT_PRODUCTS_DIR; };
		6CA40F5C0B6657B83682C4A7 /* Pods-iOSProjectTests.debug.xcconfig */ = {isa = PBXFileReference; includeInIndex = 1; lastKnownFileType = text.xcconfig; name = "Pods-iOSProjectTests.debug.xcconfig"; path = "Pods/Target Support Files/Pods-iOSProjectTests/Pods-iOSProjectTests.debug.xcconfig"; sourceTree = "<group>"; };
		732079102068DE7900F43EB9 /* iOSProject.app */ = {isa = PBXFileReference; explicitFileType = wrapper.application; includeInIndex = 0; path = iOSProject.app; sourceTree = BUILT_PRODUCTS_DIR; };
		732079132068DE7900F43EB9 /* AppDelegate.h */ = {isa = PBXFileReference; lastKnownFileType = sourcecode.c.h; path = AppDelegate.h; sourceTree = "<group>"; };
		732079142068DE7900F43EB9 /* AppDelegate.m */ = {isa = PBXFileReference; lastKnownFileType = sourcecode.c.objc; path = AppDelegate.m; sourceTree = "<group>"; };
		7320791C2068DE7900F43EB9 /* Assets.xcassets */ = {isa = PBXFileReference; lastKnownFileType = folder.assetcatalog; path = Assets.xcassets; sourceTree = "<group>"; };
		7320791F2068DE7900F43EB9 /* Base */ = {isa = PBXFileReference; lastKnownFileType = file.storyboard; name = Base; path = Base.lproj/LaunchScreen.storyboard; sourceTree = "<group>"; };
		732079212068DE7900F43EB9 /* Info.plist */ = {isa = PBXFileReference; lastKnownFileType = text.plist.xml; path = Info.plist; sourceTree = "<group>"; };
		732079222068DE7900F43EB9 /* main.m */ = {isa = PBXFileReference; lastKnownFileType = sourcecode.c.objc; path = main.m; sourceTree = "<group>"; };
		732079282068DE7900F43EB9 /* iOSProjectTests.xctest */ = {isa = PBXFileReference; explicitFileType = wrapper.cfbundle; includeInIndex = 0; path = iOSProjectTests.xctest; sourceTree = BUILT_PRODUCTS_DIR; };
		7320792C2068DE7900F43EB9 /* iOSProjectTests.m */ = {isa = PBXFileReference; lastKnownFileType = sourcecode.c.objc; path = iOSProjectTests.m; sourceTree = "<group>"; };
		7320792E2068DE7900F43EB9 /* Info.plist */ = {isa = PBXFileReference; lastKnownFileType = text.plist.xml; path = Info.plist; sourceTree = "<group>"; };
		732079332068DE7900F43EB9 /* iOSProjectUITests.xctest */ = {isa = PBXFileReference; explicitFileType = wrapper.cfbundle; includeInIndex = 0; path = iOSProjectUITests.xctest; sourceTree = BUILT_PRODUCTS_DIR; };
		732079372068DE7900F43EB9 /* iOSProjectUITests.m */ = {isa = PBXFileReference; lastKnownFileType = sourcecode.c.objc; path = iOSProjectUITests.m; sourceTree = "<group>"; };
		732079392068DE7900F43EB9 /* Info.plist */ = {isa = PBXFileReference; lastKnownFileType = text.plist.xml; path = Info.plist; sourceTree = "<group>"; };
		732079522068E06000F43EB9 /* PrefixHeader.pch */ = {isa = PBXFileReference; lastKnownFileType = sourcecode.c.h; path = PrefixHeader.pch; sourceTree = "<group>"; };
		732079542068E11E00F43EB9 /* MainTabBarController.h */ = {isa = PBXFileReference; lastKnownFileType = sourcecode.c.h; path = MainTabBarController.h; sourceTree = "<group>"; };
		732079552068E11E00F43EB9 /* MainTabBarController.m */ = {isa = PBXFileReference; lastKnownFileType = sourcecode.c.objc; path = MainTabBarController.m; sourceTree = "<group>"; };
		732079572068E16200F43EB9 /* PublicMacro.h */ = {isa = PBXFileReference; fileEncoding = 4; lastKnownFileType = sourcecode.c.h; path = PublicMacro.h; sourceTree = "<group>"; };
		734E569A206C884A00618D08 /* UIButton+LoadImage.h */ = {isa = PBXFileReference; lastKnownFileType = sourcecode.c.h; path = "UIButton+LoadImage.h"; sourceTree = "<group>"; };
		734E569B206C884A00618D08 /* UIButton+LoadImage.m */ = {isa = PBXFileReference; lastKnownFileType = sourcecode.c.objc; path = "UIButton+LoadImage.m"; sourceTree = "<group>"; };
		73AA2C782069D7A900179746 /* MainViewController.h */ = {isa = PBXFileReference; lastKnownFileType = sourcecode.c.h; path = MainViewController.h; sourceTree = "<group>"; };
		73AA2C792069D7A900179746 /* MainViewController.m */ = {isa = PBXFileReference; lastKnownFileType = sourcecode.c.objc; path = MainViewController.m; sourceTree = "<group>"; };
		73AA2C7B2069ED6000179746 /* MainLeftViewController.h */ = {isa = PBXFileReference; lastKnownFileType = sourcecode.c.h; path = MainLeftViewController.h; sourceTree = "<group>"; };
		73AA2C7C2069ED6000179746 /* MainLeftViewController.m */ = {isa = PBXFileReference; lastKnownFileType = sourcecode.c.objc; path = MainLeftViewController.m; sourceTree = "<group>"; };
		73B3C31C208ED53400B4AAA3 /* WKWebView+SearchWebView.h */ = {isa = PBXFileReference; lastKnownFileType = sourcecode.c.h; path = "WKWebView+SearchWebView.h"; sourceTree = "<group>"; };
		73B3C31D208ED53400B4AAA3 /* WKWebView+SearchWebView.m */ = {isa = PBXFileReference; lastKnownFileType = sourcecode.c.objc; path = "WKWebView+SearchWebView.m"; sourceTree = "<group>"; };
		73B3C31F208ED57700B4AAA3 /* SearchWebView.js */ = {isa = PBXFileReference; fileEncoding = 4; lastKnownFileType = sourcecode.javascript; path = SearchWebView.js; sourceTree = "<group>"; };
		73B3C321208ED97100B4AAA3 /* EPUBParser.h */ = {isa = PBXFileReference; lastKnownFileType = sourcecode.c.h; path = EPUBParser.h; sourceTree = "<group>"; };
		73B3C322208ED97100B4AAA3 /* EPUBParser.m */ = {isa = PBXFileReference; lastKnownFileType = sourcecode.c.objc; path = EPUBParser.m; sourceTree = "<group>"; };
		73B3C324208EDC3A00B4AAA3 /* iOSApprentice.epub */ = {isa = PBXFileReference; lastKnownFileType = file; path = iOSApprentice.epub; sourceTree = "<group>"; };
		73B3C326208EDDDD00B4AAA3 /* EPUBModel.h */ = {isa = PBXFileReference; lastKnownFileType = sourcecode.c.h; path = EPUBModel.h; sourceTree = "<group>"; };
		73B3C327208EDDDD00B4AAA3 /* EPUBModel.m */ = {isa = PBXFileReference; lastKnownFileType = sourcecode.c.objc; path = EPUBModel.m; sourceTree = "<group>"; };
		73C492B2206C78C0003FE21A /* UIImageView+LoadImage.h */ = {isa = PBXFileReference; lastKnownFileType = sourcecode.c.h; path = "UIImageView+LoadImage.h"; sourceTree = "<group>"; };
		73C492B3206C78C0003FE21A /* UIImageView+LoadImage.m */ = {isa = PBXFileReference; lastKnownFileType = sourcecode.c.objc; path = "UIImageView+LoadImage.m"; sourceTree = "<group>"; };
		73D06BC0206B5B7500EE31C5 /* DXWNavigationController.h */ = {isa = PBXFileReference; lastKnownFileType = sourcecode.c.h; path = DXWNavigationController.h; sourceTree = "<group>"; };
		73D06BC1206B5B7500EE31C5 /* DXWNavigationController.m */ = {isa = PBXFileReference; lastKnownFileType = sourcecode.c.objc; path = DXWNavigationController.m; sourceTree = "<group>"; };
		73D06BC6206B6E4A00EE31C5 /* DXWViewController.h */ = {isa = PBXFileReference; lastKnownFileType = sourcecode.c.h; path = DXWViewController.h; sourceTree = "<group>"; };
		73D06BC7206B6E4A00EE31C5 /* DXWViewController.m */ = {isa = PBXFileReference; lastKnownFileType = sourcecode.c.objc; path = DXWViewController.m; sourceTree = "<group>"; };
		73D06BC9206B6E7700EE31C5 /* MeViewController.h */ = {isa = PBXFileReference; lastKnownFileType = sourcecode.c.h; path = MeViewController.h; sourceTree = "<group>"; };
		73D06BCA206B6E7700EE31C5 /* MeViewController.m */ = {isa = PBXFileReference; lastKnownFileType = sourcecode.c.objc; path = MeViewController.m; sourceTree = "<group>"; };
		73D06BD0206B6F3A00EE31C5 /* FindViewController.h */ = {isa = PBXFileReference; lastKnownFileType = sourcecode.c.h; path = FindViewController.h; sourceTree = "<group>"; };
		73D06BD1206B6F3A00EE31C5 /* FindViewController.m */ = {isa = PBXFileReference; lastKnownFileType = sourcecode.c.objc; path = FindViewController.m; sourceTree = "<group>"; };
		73D06BD8206B8E3200EE31C5 /* BookViewController.h */ = {isa = PBXFileReference; fileEncoding = 4; lastKnownFileType = sourcecode.c.h; path = BookViewController.h; sourceTree = "<group>"; };
		73D06BD9206B8E3200EE31C5 /* BookViewController.m */ = {isa = PBXFileReference; fileEncoding = 4; lastKnownFileType = sourcecode.c.objc; path = BookViewController.m; sourceTree = "<group>"; };
		73DC4D74207A1CF80047F53A /* AppDelegate+VisibleNVC.h */ = {isa = PBXFileReference; lastKnownFileType = sourcecode.c.h; path = "AppDelegate+VisibleNVC.h"; sourceTree = "<group>"; };
		73DC4D75207A1CF80047F53A /* AppDelegate+VisibleNVC.m */ = {isa = PBXFileReference; lastKnownFileType = sourcecode.c.objc; path = "AppDelegate+VisibleNVC.m"; sourceTree = "<group>"; };
		73E423FD208DDF0500512A43 /* GSViewController.h */ = {isa = PBXFileReference; lastKnownFileType = sourcecode.c.h; path = GSViewController.h; sourceTree = "<group>"; };
		73E423FE208DDF0500512A43 /* GSViewController.m */ = {isa = PBXFileReference; lastKnownFileType = sourcecode.c.objc; path = GSViewController.m; sourceTree = "<group>"; };
		73E42400208DDF3A00512A43 /* 3588.PNG */ = {isa = PBXFileReference; lastKnownFileType = image.png; path = 3588.PNG; sourceTree = "<group>"; };
		73F2237D2085993500946D69 /* EPUBReadViewController.h */ = {isa = PBXFileReference; lastKnownFileType = sourcecode.c.h; path = EPUBReadViewController.h; sourceTree = "<group>"; };
		73F2237E2085993500946D69 /* EPUBReadViewController.m */ = {isa = PBXFileReference; lastKnownFileType = sourcecode.c.objc; path = EPUBReadViewController.m; sourceTree = "<group>"; };
		73F2238020859C3D00946D69 /* EPUBViewController.h */ = {isa = PBXFileReference; lastKnownFileType = sourcecode.c.h; path = EPUBViewController.h; sourceTree = "<group>"; };
		73F2238120859C3D00946D69 /* EPUBViewController.m */ = {isa = PBXFileReference; lastKnownFileType = sourcecode.c.objc; path = EPUBViewController.m; sourceTree = "<group>"; };
		73F223862085E22F00946D69 /* EPUBBackViewController.h */ = {isa = PBXFileReference; lastKnownFileType = sourcecode.c.h; path = EPUBBackViewController.h; sourceTree = "<group>"; };
		73F223872085E22F00946D69 /* EPUBBackViewController.m */ = {isa = PBXFileReference; lastKnownFileType = sourcecode.c.objc; path = EPUBBackViewController.m; sourceTree = "<group>"; };
		73F223892085EDAD00946D69 /* EPUBWebView.h */ = {isa = PBXFileReference; lastKnownFileType = sourcecode.c.h; path = EPUBWebView.h; sourceTree = "<group>"; };
		73F2238A2085EDAD00946D69 /* EPUBWebView.m */ = {isa = PBXFileReference; lastKnownFileType = sourcecode.c.objc; path = EPUBWebView.m; sourceTree = "<group>"; };
		73F2238C2085FD5000946D69 /* EPUBReadSetting.h */ = {isa = PBXFileReference; lastKnownFileType = sourcecode.c.h; path = EPUBReadSetting.h; sourceTree = "<group>"; };
		73F2238D2085FD5000946D69 /* EPUBReadSetting.m */ = {isa = PBXFileReference; lastKnownFileType = sourcecode.c.objc; path = EPUBReadSetting.m; sourceTree = "<group>"; };
		73FB00CA2079DED800F61099 /* BookTableViewController.h */ = {isa = PBXFileReference; lastKnownFileType = sourcecode.c.h; path = BookTableViewController.h; sourceTree = "<group>"; };
		73FB00CB2079DED800F61099 /* BookTableViewController.m */ = {isa = PBXFileReference; lastKnownFileType = sourcecode.c.objc; path = BookTableViewController.m; sourceTree = "<group>"; };
		73FB00CD2079E15A00F61099 /* BookTableViewCell.h */ = {isa = PBXFileReference; lastKnownFileType = sourcecode.c.h; path = BookTableViewCell.h; sourceTree = "<group>"; };
		73FB00CE2079E15A00F61099 /* BookTableViewCell.m */ = {isa = PBXFileReference; lastKnownFileType = sourcecode.c.objc; path = BookTableViewCell.m; sourceTree = "<group>"; };
		73FB00D02079ECFE00F61099 /* UIImage+Color.h */ = {isa = PBXFileReference; lastKnownFileType = sourcecode.c.h; path = "UIImage+Color.h"; sourceTree = "<group>"; };
		73FB00D12079ECFE00F61099 /* UIImage+Color.m */ = {isa = PBXFileReference; lastKnownFileType = sourcecode.c.objc; path = "UIImage+Color.m"; sourceTree = "<group>"; };
		8C04CC64E146DFC6C8F2E7B8 /* Pods-iOSProjectTests.release.xcconfig */ = {isa = PBXFileReference; includeInIndex = 1; lastKnownFileType = text.xcconfig; name = "Pods-iOSProjectTests.release.xcconfig"; path = "Pods/Target Support Files/Pods-iOSProjectTests/Pods-iOSProjectTests.release.xcconfig"; sourceTree = "<group>"; };
		A58123A1BF733D9ABB02DE62 /* Pods-iOSProject.release.xcconfig */ = {isa = PBXFileReference; includeInIndex = 1; lastKnownFileType = text.xcconfig; name = "Pods-iOSProject.release.xcconfig"; path = "Pods/Target Support Files/Pods-iOSProject/Pods-iOSProject.release.xcconfig"; sourceTree = "<group>"; };
		AE809EA2E2E94572515931B0 /* Pods-iOSProject.debug.xcconfig */ = {isa = PBXFileReference; includeInIndex = 1; lastKnownFileType = text.xcconfig; name = "Pods-iOSProject.debug.xcconfig"; path = "Pods/Target Support Files/Pods-iOSProject/Pods-iOSProject.debug.xcconfig"; sourceTree = "<group>"; };
		F056DBD42E988CA8ACB8D85F /* Pods-iOSProjectUITests.release.xcconfig */ = {isa = PBXFileReference; includeInIndex = 1; lastKnownFileType = text.xcconfig; name = "Pods-iOSProjectUITests.release.xcconfig"; path = "Pods/Target Support Files/Pods-iOSProjectUITests/Pods-iOSProjectUITests.release.xcconfig"; sourceTree = "<group>"; };
		F23D90B39139BA64025F87DA /* Pods_iOSProjectTests.framework */ = {isa = PBXFileReference; explicitFileType = wrapper.framework; includeInIndex = 0; path = Pods_iOSProjectTests.framework; sourceTree = BUILT_PRODUCTS_DIR; };
/* End PBXFileReference section */

/* Begin PBXFrameworksBuildPhase section */
		7320790D2068DE7900F43EB9 /* Frameworks */ = {
			isa = PBXFrameworksBuildPhase;
			buildActionMask = 2147483647;
			files = (
				F1F1489A7276D46E9189DA8D /* Pods_iOSProject.framework in Frameworks */,
			);
			runOnlyForDeploymentPostprocessing = 0;
		};
		732079252068DE7900F43EB9 /* Frameworks */ = {
			isa = PBXFrameworksBuildPhase;
			buildActionMask = 2147483647;
			files = (
				36065A4CFA16600DA913D725 /* Pods_iOSProjectTests.framework in Frameworks */,
			);
			runOnlyForDeploymentPostprocessing = 0;
		};
		732079302068DE7900F43EB9 /* Frameworks */ = {
			isa = PBXFrameworksBuildPhase;
			buildActionMask = 2147483647;
			files = (
				E591E7066520094A173EE52C /* Pods_iOSProjectUITests.framework in Frameworks */,
			);
			runOnlyForDeploymentPostprocessing = 0;
		};
/* End PBXFrameworksBuildPhase section */

/* Begin PBXGroup section */
		50A588E88A3459648D417969 /* Frameworks */ = {
			isa = PBXGroup;
			children = (
				258F9845E2A14974DD40739B /* Pods_iOSProject.framework */,
				F23D90B39139BA64025F87DA /* Pods_iOSProjectTests.framework */,
				46AEA1ED68C628633D6DA988 /* Pods_iOSProjectUITests.framework */,
			);
			name = Frameworks;
			sourceTree = "<group>";
		};
		732079072068DE7900F43EB9 = {
			isa = PBXGroup;
			children = (
				73B3C324208EDC3A00B4AAA3 /* iOSApprentice.epub */,
				73E42400208DDF3A00512A43 /* 3588.PNG */,
				732079122068DE7900F43EB9 /* iOSProject */,
				7320792B2068DE7900F43EB9 /* iOSProjectTests */,
				732079362068DE7900F43EB9 /* iOSProjectUITests */,
				732079112068DE7900F43EB9 /* Products */,
				E8797DF314BCD355AA2E4709 /* Pods */,
				50A588E88A3459648D417969 /* Frameworks */,
			);
			sourceTree = "<group>";
		};
		732079112068DE7900F43EB9 /* Products */ = {
			isa = PBXGroup;
			children = (
				732079102068DE7900F43EB9 /* iOSProject.app */,
				732079282068DE7900F43EB9 /* iOSProjectTests.xctest */,
				732079332068DE7900F43EB9 /* iOSProjectUITests.xctest */,
			);
			name = Products;
			sourceTree = "<group>";
		};
		732079122068DE7900F43EB9 /* iOSProject */ = {
			isa = PBXGroup;
			children = (
				732079452068E00900F43EB9 /* Main */,
				732079472068E00900F43EB9 /* Classes */,
				7320794B2068E00900F43EB9 /* Custom */,
				732079482068E00900F43EB9 /* Support */,
				7320794D2068E00900F43EB9 /* Vendor */,
				7320794F2068E00900F43EB9 /* Base */,
				732079462068E00900F43EB9 /* API */,
				7320794C2068E00900F43EB9 /* Framework */,
				7320794E2068E00900F43EB9 /* Resource */,
				732079512068E01F00F43EB9 /* Support File */,
			);
			path = iOSProject;
			sourceTree = "<group>";
		};
		7320792B2068DE7900F43EB9 /* iOSProjectTests */ = {
			isa = PBXGroup;
			children = (
				7320792C2068DE7900F43EB9 /* iOSProjectTests.m */,
				7320792E2068DE7900F43EB9 /* Info.plist */,
			);
			path = iOSProjectTests;
			sourceTree = "<group>";
		};
		732079362068DE7900F43EB9 /* iOSProjectUITests */ = {
			isa = PBXGroup;
			children = (
				732079372068DE7900F43EB9 /* iOSProjectUITests.m */,
				732079392068DE7900F43EB9 /* Info.plist */,
			);
			path = iOSProjectUITests;
			sourceTree = "<group>";
		};
		732079452068E00900F43EB9 /* Main */ = {
			isa = PBXGroup;
			children = (
				732079132068DE7900F43EB9 /* AppDelegate.h */,
				732079142068DE7900F43EB9 /* AppDelegate.m */,
				73DC4D74207A1CF80047F53A /* AppDelegate+VisibleNVC.h */,
				73DC4D75207A1CF80047F53A /* AppDelegate+VisibleNVC.m */,
			);
			path = Main;
			sourceTree = "<group>";
		};
		732079462068E00900F43EB9 /* API */ = {
			isa = PBXGroup;
			children = (
			);
			path = API;
			sourceTree = "<group>";
		};
		732079472068E00900F43EB9 /* Classes */ = {
			isa = PBXGroup;
			children = (
				73F223792085988E00946D69 /* 电子书阅读器 */,
				73D06BD7206B8E2200EE31C5 /* 书架 */,
				73D06BC5206B6E2100EE31C5 /* 发现 */,
				73D06BC3206B6CC000EE31C5 /* 我 */,
				73AA2C772069D76500179746 /* 抽屉 */,
				732079532068E0DA00F43EB9 /* Tabbar */,
			);
			path = Classes;
			sourceTree = "<group>";
		};
		732079482068E00900F43EB9 /* Support */ = {
			isa = PBXGroup;
			children = (
				732079492068E00900F43EB9 /* Category */,
				7320794A2068E00900F43EB9 /* Macro */,
			);
			path = Support;
			sourceTree = "<group>";
		};
		732079492068E00900F43EB9 /* Category */ = {
			isa = PBXGroup;
			children = (
				73C492B2206C78C0003FE21A /* UIImageView+LoadImage.h */,
				73C492B3206C78C0003FE21A /* UIImageView+LoadImage.m */,
				734E569A206C884A00618D08 /* UIButton+LoadImage.h */,
				734E569B206C884A00618D08 /* UIButton+LoadImage.m */,
				73FB00D02079ECFE00F61099 /* UIImage+Color.h */,
				73FB00D12079ECFE00F61099 /* UIImage+Color.m */,
			);
			path = Category;
			sourceTree = "<group>";
		};
		7320794A2068E00900F43EB9 /* Macro */ = {
			isa = PBXGroup;
			children = (
				732079572068E16200F43EB9 /* PublicMacro.h */,
			);
			path = Macro;
			sourceTree = "<group>";
		};
		7320794B2068E00900F43EB9 /* Custom */ = {
			isa = PBXGroup;
			children = (
			);
			path = Custom;
			sourceTree = "<group>";
		};
		7320794C2068E00900F43EB9 /* Framework */ = {
			isa = PBXGroup;
			children = (
			);
			path = Framework;
			sourceTree = "<group>";
		};
		7320794D2068E00900F43EB9 /* Vendor */ = {
			isa = PBXGroup;
			children = (
			);
			path = Vendor;
			sourceTree = "<group>";
		};
		7320794E2068E00900F43EB9 /* Resource */ = {
			isa = PBXGroup;
			children = (
				7320791C2068DE7900F43EB9 /* Assets.xcassets */,
			);
			path = Resource;
			sourceTree = "<group>";
		};
		7320794F2068E00900F43EB9 /* Base */ = {
			isa = PBXGroup;
			children = (
				732079502068E00900F43EB9 /* Network */,
				73D06BC0206B5B7500EE31C5 /* DXWNavigationController.h */,
				73D06BC1206B5B7500EE31C5 /* DXWNavigationController.m */,
				73D06BC6206B6E4A00EE31C5 /* DXWViewController.h */,
				73D06BC7206B6E4A00EE31C5 /* DXWViewController.m */,
			);
			path = Base;
			sourceTree = "<group>";
		};
		732079502068E00900F43EB9 /* Network */ = {
			isa = PBXGroup;
			children = (
			);
			path = Network;
			sourceTree = "<group>";
		};
		732079512068E01F00F43EB9 /* Support File */ = {
			isa = PBXGroup;
			children = (
				7320791E2068DE7900F43EB9 /* LaunchScreen.storyboard */,
				732079212068DE7900F43EB9 /* Info.plist */,
				732079222068DE7900F43EB9 /* main.m */,
				732079522068E06000F43EB9 /* PrefixHeader.pch */,
			);
			name = "Support File";
			sourceTree = "<group>";
		};
		732079532068E0DA00F43EB9 /* Tabbar */ = {
			isa = PBXGroup;
			children = (
				732079542068E11E00F43EB9 /* MainTabBarController.h */,
				732079552068E11E00F43EB9 /* MainTabBarController.m */,
			);
			path = Tabbar;
			sourceTree = "<group>";
		};
		73AA2C772069D76500179746 /* 抽屉 */ = {
			isa = PBXGroup;
			children = (
				73AA2C782069D7A900179746 /* MainViewController.h */,
				73AA2C792069D7A900179746 /* MainViewController.m */,
				73AA2C7B2069ED6000179746 /* MainLeftViewController.h */,
				73AA2C7C2069ED6000179746 /* MainLeftViewController.m */,
			);
			path = "抽屉";
			sourceTree = "<group>";
		};
		73B3C31B208ED50100B4AAA3 /* Category */ = {
			isa = PBXGroup;
			children = (
				73B3C31C208ED53400B4AAA3 /* WKWebView+SearchWebView.h */,
				73B3C31D208ED53400B4AAA3 /* WKWebView+SearchWebView.m */,
			);
			path = Category;
			sourceTree = "<group>";
		};
		73D06BC3206B6CC000EE31C5 /* 我 */ = {
			isa = PBXGroup;
			children = (
				73D06BC9206B6E7700EE31C5 /* MeViewController.h */,
				73D06BCA206B6E7700EE31C5 /* MeViewController.m */,
			);
			path = "我";
			sourceTree = "<group>";
		};
		73D06BC5206B6E2100EE31C5 /* 发现 */ = {
			isa = PBXGroup;
			children = (
				73D06BD0206B6F3A00EE31C5 /* FindViewController.h */,
				73D06BD1206B6F3A00EE31C5 /* FindViewController.m */,
				73E423FC208DDEE800512A43 /* 模糊 */,
			);
			path = "发现";
			sourceTree = "<group>";
		};
		73D06BD7206B8E2200EE31C5 /* 书架 */ = {
			isa = PBXGroup;
			children = (
				73D06BD8206B8E3200EE31C5 /* BookViewController.h */,
				73D06BD9206B8E3200EE31C5 /* BookViewController.m */,
				73FB00CA2079DED800F61099 /* BookTableViewController.h */,
				73FB00CB2079DED800F61099 /* BookTableViewController.m */,
				73FB00CD2079E15A00F61099 /* BookTableViewCell.h */,
				73FB00CE2079E15A00F61099 /* BookTableViewCell.m */,
			);
			path = "书架";
			sourceTree = "<group>";
		};
		73E423FC208DDEE800512A43 /* 模糊 */ = {
			isa = PBXGroup;
			children = (
				73E423FD208DDF0500512A43 /* GSViewController.h */,
				73E423FE208DDF0500512A43 /* GSViewController.m */,
			);
			path = "模糊";
			sourceTree = "<group>";
		};
		73F223792085988E00946D69 /* 电子书阅读器 */ = {
			isa = PBXGroup;
			children = (
				73B3C31F208ED57700B4AAA3 /* SearchWebView.js */,
				73B3C31B208ED50100B4AAA3 /* Category */,
				73F2237A208598AF00946D69 /* Controller */,
				73F2237B208598BC00946D69 /* View */,
				73F2237C208598CE00946D69 /* Model */,
			);
			path = "电子书阅读器";
			sourceTree = "<group>";
		};
		73F2237A208598AF00946D69 /* Controller */ = {
			isa = PBXGroup;
			children = (
				73F2237D2085993500946D69 /* EPUBReadViewController.h */,
				73F2237E2085993500946D69 /* EPUBReadViewController.m */,
				73F2238020859C3D00946D69 /* EPUBViewController.h */,
				73F2238120859C3D00946D69 /* EPUBViewController.m */,
				73F223862085E22F00946D69 /* EPUBBackViewController.h */,
				73F223872085E22F00946D69 /* EPUBBackViewController.m */,
			);
			path = Controller;
			sourceTree = "<group>";
		};
		73F2237B208598BC00946D69 /* View */ = {
			isa = PBXGroup;
			children = (
				73F223892085EDAD00946D69 /* EPUBWebView.h */,
				73F2238A2085EDAD00946D69 /* EPUBWebView.m */,
			);
			path = View;
			sourceTree = "<group>";
		};
		73F2237C208598CE00946D69 /* Model */ = {
			isa = PBXGroup;
			children = (
				73F2238C2085FD5000946D69 /* EPUBReadSetting.h */,
				73F2238D2085FD5000946D69 /* EPUBReadSetting.m */,
				73B3C321208ED97100B4AAA3 /* EPUBParser.h */,
				73B3C322208ED97100B4AAA3 /* EPUBParser.m */,
				73B3C326208EDDDD00B4AAA3 /* EPUBModel.h */,
				73B3C327208EDDDD00B4AAA3 /* EPUBModel.m */,
			);
			path = Model;
			sourceTree = "<group>";
		};
		E8797DF314BCD355AA2E4709 /* Pods */ = {
			isa = PBXGroup;
			children = (
				AE809EA2E2E94572515931B0 /* Pods-iOSProject.debug.xcconfig */,
				A58123A1BF733D9ABB02DE62 /* Pods-iOSProject.release.xcconfig */,
				6CA40F5C0B6657B83682C4A7 /* Pods-iOSProjectTests.debug.xcconfig */,
				8C04CC64E146DFC6C8F2E7B8 /* Pods-iOSProjectTests.release.xcconfig */,
				210D74A44C82AF942B1E4879 /* Pods-iOSProjectUITests.debug.xcconfig */,
				F056DBD42E988CA8ACB8D85F /* Pods-iOSProjectUITests.release.xcconfig */,
			);
			name = Pods;
			sourceTree = "<group>";
		};
/* End PBXGroup section */

/* Begin PBXNativeTarget section */
		7320790F2068DE7900F43EB9 /* iOSProject */ = {
			isa = PBXNativeTarget;
			buildConfigurationList = 7320793C2068DE7900F43EB9 /* Build configuration list for PBXNativeTarget "iOSProject" */;
			buildPhases = (
				0ACB56855E69C5641EE71366 /* [CP] Check Pods Manifest.lock */,
				7320790C2068DE7900F43EB9 /* Sources */,
				7320790D2068DE7900F43EB9 /* Frameworks */,
				7320790E2068DE7900F43EB9 /* Resources */,
				4DEB3352DED268DDDD5627D1 /* [CP] Embed Pods Frameworks */,
				235B44E91E8926612FB4BD9D /* [CP] Copy Pods Resources */,
			);
			buildRules = (
			);
			dependencies = (
			);
			name = iOSProject;
			productName = iOSProject;
			productReference = 732079102068DE7900F43EB9 /* iOSProject.app */;
			productType = "com.apple.product-type.application";
		};
		732079272068DE7900F43EB9 /* iOSProjectTests */ = {
			isa = PBXNativeTarget;
			buildConfigurationList = 7320793F2068DE7900F43EB9 /* Build configuration list for PBXNativeTarget "iOSProjectTests" */;
			buildPhases = (
				F9C932DD93E2B0BBCEA0F790 /* [CP] Check Pods Manifest.lock */,
				732079242068DE7900F43EB9 /* Sources */,
				732079252068DE7900F43EB9 /* Frameworks */,
				732079262068DE7900F43EB9 /* Resources */,
				BCE3FD3E7BCCF4057E56EFA7 /* [CP] Embed Pods Frameworks */,
				681DA702B771DBD06857B40D /* [CP] Copy Pods Resources */,
			);
			buildRules = (
			);
			dependencies = (
				7320792A2068DE7900F43EB9 /* PBXTargetDependency */,
			);
			name = iOSProjectTests;
			productName = iOSProjectTests;
			productReference = 732079282068DE7900F43EB9 /* iOSProjectTests.xctest */;
			productType = "com.apple.product-type.bundle.unit-test";
		};
		732079322068DE7900F43EB9 /* iOSProjectUITests */ = {
			isa = PBXNativeTarget;
			buildConfigurationList = 732079422068DE7900F43EB9 /* Build configuration list for PBXNativeTarget "iOSProjectUITests" */;
			buildPhases = (
				DC484614C5AEE9E6BFE3B0F7 /* [CP] Check Pods Manifest.lock */,
				7320792F2068DE7900F43EB9 /* Sources */,
				732079302068DE7900F43EB9 /* Frameworks */,
				732079312068DE7900F43EB9 /* Resources */,
				1AF4AAD684275BAF1C7E14F4 /* [CP] Embed Pods Frameworks */,
				63E3064B1C22A866AE35E266 /* [CP] Copy Pods Resources */,
			);
			buildRules = (
			);
			dependencies = (
				732079352068DE7900F43EB9 /* PBXTargetDependency */,
			);
			name = iOSProjectUITests;
			productName = iOSProjectUITests;
			productReference = 732079332068DE7900F43EB9 /* iOSProjectUITests.xctest */;
			productType = "com.apple.product-type.bundle.ui-testing";
		};
/* End PBXNativeTarget section */

/* Begin PBXProject section */
		732079082068DE7900F43EB9 /* Project object */ = {
			isa = PBXProject;
			attributes = {
				LastUpgradeCheck = 0930;
				ORGANIZATIONNAME = dxw;
				TargetAttributes = {
					7320790F2068DE7900F43EB9 = {
						CreatedOnToolsVersion = 9.2;
						ProvisioningStyle = Automatic;
					};
					732079272068DE7900F43EB9 = {
						CreatedOnToolsVersion = 9.2;
						ProvisioningStyle = Automatic;
						TestTargetID = 7320790F2068DE7900F43EB9;
					};
					732079322068DE7900F43EB9 = {
						CreatedOnToolsVersion = 9.2;
						ProvisioningStyle = Automatic;
						TestTargetID = 7320790F2068DE7900F43EB9;
					};
				};
			};
			buildConfigurationList = 7320790B2068DE7900F43EB9 /* Build configuration list for PBXProject "iOSProject" */;
			compatibilityVersion = "Xcode 8.0";
			developmentRegion = en;
			hasScannedForEncodings = 0;
			knownRegions = (
				en,
				Base,
			);
			mainGroup = 732079072068DE7900F43EB9;
			productRefGroup = 732079112068DE7900F43EB9 /* Products */;
			projectDirPath = "";
			projectRoot = "";
			targets = (
				7320790F2068DE7900F43EB9 /* iOSProject */,
				732079272068DE7900F43EB9 /* iOSProjectTests */,
				732079322068DE7900F43EB9 /* iOSProjectUITests */,
			);
		};
/* End PBXProject section */

/* Begin PBXResourcesBuildPhase section */
		7320790E2068DE7900F43EB9 /* Resources */ = {
			isa = PBXResourcesBuildPhase;
			buildActionMask = 2147483647;
			files = (
				732079202068DE7900F43EB9 /* LaunchScreen.storyboard in Resources */,
				7320791D2068DE7900F43EB9 /* Assets.xcassets in Resources */,
				73B3C320208ED57700B4AAA3 /* SearchWebView.js in Resources */,
				73E42401208DDF3B00512A43 /* 3588.PNG in Resources */,
				73B3C325208EDC3A00B4AAA3 /* iOSApprentice.epub in Resources */,
			);
			runOnlyForDeploymentPostprocessing = 0;
		};
		732079262068DE7900F43EB9 /* Resources */ = {
			isa = PBXResourcesBuildPhase;
			buildActionMask = 2147483647;
			files = (
			);
			runOnlyForDeploymentPostprocessing = 0;
		};
		732079312068DE7900F43EB9 /* Resources */ = {
			isa = PBXResourcesBuildPhase;
			buildActionMask = 2147483647;
			files = (
			);
			runOnlyForDeploymentPostprocessing = 0;
		};
/* End PBXResourcesBuildPhase section */

/* Begin PBXShellScriptBuildPhase section */
		0ACB56855E69C5641EE71366 /* [CP] Check Pods Manifest.lock */ = {
			isa = PBXShellScriptBuildPhase;
			buildActionMask = 2147483647;
			files = (
			);
			inputPaths = (
				"${PODS_PODFILE_DIR_PATH}/Podfile.lock",
				"${PODS_ROOT}/Manifest.lock",
			);
			name = "[CP] Check Pods Manifest.lock";
			outputPaths = (
				"$(DERIVED_FILE_DIR)/Pods-iOSProject-checkManifestLockResult.txt",
			);
			runOnlyForDeploymentPostprocessing = 0;
			shellPath = /bin/sh;
			shellScript = "diff \"${PODS_PODFILE_DIR_PATH}/Podfile.lock\" \"${PODS_ROOT}/Manifest.lock\" > /dev/null\nif [ $? != 0 ] ; then\n    # print error to STDERR\n    echo \"error: The sandbox is not in sync with the Podfile.lock. Run 'pod install' or update your CocoaPods installation.\" >&2\n    exit 1\nfi\n# This output is used by Xcode 'outputs' to avoid re-running this script phase.\necho \"SUCCESS\" > \"${SCRIPT_OUTPUT_FILE_0}\"\n";
			showEnvVarsInLog = 0;
		};
		1AF4AAD684275BAF1C7E14F4 /* [CP] Embed Pods Frameworks */ = {
			isa = PBXShellScriptBuildPhase;
			buildActionMask = 2147483647;
			files = (
			);
			inputPaths = (
			);
			name = "[CP] Embed Pods Frameworks";
			outputPaths = (
			);
			runOnlyForDeploymentPostprocessing = 0;
			shellPath = /bin/sh;
			shellScript = "\"${SRCROOT}/Pods/Target Support Files/Pods-iOSProjectUITests/Pods-iOSProjectUITests-frameworks.sh\"\n";
			showEnvVarsInLog = 0;
		};
		235B44E91E8926612FB4BD9D /* [CP] Copy Pods Resources */ = {
			isa = PBXShellScriptBuildPhase;
			buildActionMask = 2147483647;
			files = (
			);
			inputPaths = (
			);
			name = "[CP] Copy Pods Resources";
			outputPaths = (
			);
			runOnlyForDeploymentPostprocessing = 0;
			shellPath = /bin/sh;
			shellScript = "\"${SRCROOT}/Pods/Target Support Files/Pods-iOSProject/Pods-iOSProject-resources.sh\"\n";
			showEnvVarsInLog = 0;
		};
		4DEB3352DED268DDDD5627D1 /* [CP] Embed Pods Frameworks */ = {
			isa = PBXShellScriptBuildPhase;
			buildActionMask = 2147483647;
			files = (
			);
			inputPaths = (
				"${SRCROOT}/Pods/Target Support Files/Pods-iOSProject/Pods-iOSProject-frameworks.sh",
				"${BUILT_PRODUCTS_DIR}/AFNetworking/AFNetworking.framework",
				"${BUILT_PRODUCTS_DIR}/FMDB/FMDB.framework",
				"${BUILT_PRODUCTS_DIR}/GDataXML-HTML/GDataXML_HTML.framework",
				"${BUILT_PRODUCTS_DIR}/MBProgressHUD/MBProgressHUD.framework",
				"${BUILT_PRODUCTS_DIR}/Masonry/Masonry.framework",
				"${BUILT_PRODUCTS_DIR}/ReactiveObjC/ReactiveObjC.framework",
				"${BUILT_PRODUCTS_DIR}/SDWebImage/SDWebImage.framework",
				"${BUILT_PRODUCTS_DIR}/ZipArchive/ZipArchive.framework",
			);
			name = "[CP] Embed Pods Frameworks";
			outputPaths = (
				"${TARGET_BUILD_DIR}/${FRAMEWORKS_FOLDER_PATH}/AFNetworking.framework",
				"${TARGET_BUILD_DIR}/${FRAMEWORKS_FOLDER_PATH}/FMDB.framework",
				"${TARGET_BUILD_DIR}/${FRAMEWORKS_FOLDER_PATH}/GDataXML_HTML.framework",
				"${TARGET_BUILD_DIR}/${FRAMEWORKS_FOLDER_PATH}/MBProgressHUD.framework",
				"${TARGET_BUILD_DIR}/${FRAMEWORKS_FOLDER_PATH}/Masonry.framework",
				"${TARGET_BUILD_DIR}/${FRAMEWORKS_FOLDER_PATH}/ReactiveObjC.framework",
				"${TARGET_BUILD_DIR}/${FRAMEWORKS_FOLDER_PATH}/SDWebImage.framework",
				"${TARGET_BUILD_DIR}/${FRAMEWORKS_FOLDER_PATH}/ZipArchive.framework",
			);
			runOnlyForDeploymentPostprocessing = 0;
			shellPath = /bin/sh;
			shellScript = "\"${SRCROOT}/Pods/Target Support Files/Pods-iOSProject/Pods-iOSProject-frameworks.sh\"\n";
			showEnvVarsInLog = 0;
		};
		63E3064B1C22A866AE35E266 /* [CP] Copy Pods Resources */ = {
			isa = PBXShellScriptBuildPhase;
			buildActionMask = 2147483647;
			files = (
			);
			inputPaths = (
			);
			name = "[CP] Copy Pods Resources";
			outputPaths = (
			);
			runOnlyForDeploymentPostprocessing = 0;
			shellPath = /bin/sh;
			shellScript = "\"${SRCROOT}/Pods/Target Support Files/Pods-iOSProjectUITests/Pods-iOSProjectUITests-resources.sh\"\n";
			showEnvVarsInLog = 0;
		};
		681DA702B771DBD06857B40D /* [CP] Copy Pods Resources */ = {
			isa = PBXShellScriptBuildPhase;
			buildActionMask = 2147483647;
			files = (
			);
			inputPaths = (
			);
			name = "[CP] Copy Pods Resources";
			outputPaths = (
			);
			runOnlyForDeploymentPostprocessing = 0;
			shellPath = /bin/sh;
			shellScript = "\"${SRCROOT}/Pods/Target Support Files/Pods-iOSProjectTests/Pods-iOSProjectTests-resources.sh\"\n";
			showEnvVarsInLog = 0;
		};
		BCE3FD3E7BCCF4057E56EFA7 /* [CP] Embed Pods Frameworks */ = {
			isa = PBXShellScriptBuildPhase;
			buildActionMask = 2147483647;
			files = (
			);
			inputPaths = (
			);
			name = "[CP] Embed Pods Frameworks";
			outputPaths = (
			);
			runOnlyForDeploymentPostprocessing = 0;
			shellPath = /bin/sh;
			shellScript = "\"${SRCROOT}/Pods/Target Support Files/Pods-iOSProjectTests/Pods-iOSProjectTests-frameworks.sh\"\n";
			showEnvVarsInLog = 0;
		};
		DC484614C5AEE9E6BFE3B0F7 /* [CP] Check Pods Manifest.lock */ = {
			isa = PBXShellScriptBuildPhase;
			buildActionMask = 2147483647;
			files = (
			);
			inputPaths = (
				"${PODS_PODFILE_DIR_PATH}/Podfile.lock",
				"${PODS_ROOT}/Manifest.lock",
			);
			name = "[CP] Check Pods Manifest.lock";
			outputPaths = (
				"$(DERIVED_FILE_DIR)/Pods-iOSProjectUITests-checkManifestLockResult.txt",
			);
			runOnlyForDeploymentPostprocessing = 0;
			shellPath = /bin/sh;
			shellScript = "diff \"${PODS_PODFILE_DIR_PATH}/Podfile.lock\" \"${PODS_ROOT}/Manifest.lock\" > /dev/null\nif [ $? != 0 ] ; then\n    # print error to STDERR\n    echo \"error: The sandbox is not in sync with the Podfile.lock. Run 'pod install' or update your CocoaPods installation.\" >&2\n    exit 1\nfi\n# This output is used by Xcode 'outputs' to avoid re-running this script phase.\necho \"SUCCESS\" > \"${SCRIPT_OUTPUT_FILE_0}\"\n";
			showEnvVarsInLog = 0;
		};
		F9C932DD93E2B0BBCEA0F790 /* [CP] Check Pods Manifest.lock */ = {
			isa = PBXShellScriptBuildPhase;
			buildActionMask = 2147483647;
			files = (
			);
			inputPaths = (
				"${PODS_PODFILE_DIR_PATH}/Podfile.lock",
				"${PODS_ROOT}/Manifest.lock",
			);
			name = "[CP] Check Pods Manifest.lock";
			outputPaths = (
				"$(DERIVED_FILE_DIR)/Pods-iOSProjectTests-checkManifestLockResult.txt",
			);
			runOnlyForDeploymentPostprocessing = 0;
			shellPath = /bin/sh;
			shellScript = "diff \"${PODS_PODFILE_DIR_PATH}/Podfile.lock\" \"${PODS_ROOT}/Manifest.lock\" > /dev/null\nif [ $? != 0 ] ; then\n    # print error to STDERR\n    echo \"error: The sandbox is not in sync with the Podfile.lock. Run 'pod install' or update your CocoaPods installation.\" >&2\n    exit 1\nfi\n# This output is used by Xcode 'outputs' to avoid re-running this script phase.\necho \"SUCCESS\" > \"${SCRIPT_OUTPUT_FILE_0}\"\n";
			showEnvVarsInLog = 0;
		};
/* End PBXShellScriptBuildPhase section */

/* Begin PBXSourcesBuildPhase section */
		7320790C2068DE7900F43EB9 /* Sources */ = {
			isa = PBXSourcesBuildPhase;
			buildActionMask = 2147483647;
			files = (
				73FB00CC2079DED800F61099 /* BookTableViewController.m in Sources */,
				732079232068DE7900F43EB9 /* main.m in Sources */,
				73E423FF208DDF0500512A43 /* GSViewController.m in Sources */,
				73D06BC2206B5B7500EE31C5 /* DXWNavigationController.m in Sources */,
				73F2237F2085993500946D69 /* EPUBReadViewController.m in Sources */,
				73C492B4206C78C0003FE21A /* UIImageView+LoadImage.m in Sources */,
				73D06BC8206B6E4A00EE31C5 /* DXWViewController.m in Sources */,
				73F2238E2085FD5000946D69 /* EPUBReadSetting.m in Sources */,
				73B3C323208ED97100B4AAA3 /* EPUBParser.m in Sources */,
				73F223882085E22F00946D69 /* EPUBBackViewController.m in Sources */,
				732079152068DE7900F43EB9 /* AppDelegate.m in Sources */,
				73AA2C7D2069ED6000179746 /* MainLeftViewController.m in Sources */,
				73B3C31E208ED53400B4AAA3 /* WKWebView+SearchWebView.m in Sources */,
				73D06BDA206B8E3200EE31C5 /* BookViewController.m in Sources */,
				732079562068E11E00F43EB9 /* MainTabBarController.m in Sources */,
				73D06BD2206B6F3A00EE31C5 /* FindViewController.m in Sources */,
				73B3C328208EDDDD00B4AAA3 /* EPUBModel.m in Sources */,
				73D06BCB206B6E7700EE31C5 /* MeViewController.m in Sources */,
				73F2238220859C3D00946D69 /* EPUBViewController.m in Sources */,
				73AA2C7A2069D7A900179746 /* MainViewController.m in Sources */,
				73FB00D22079ECFE00F61099 /* UIImage+Color.m in Sources */,
				73FB00CF2079E15A00F61099 /* BookTableViewCell.m in Sources */,
				73F2238B2085EDAD00946D69 /* EPUBWebView.m in Sources */,
				734E569C206C884A00618D08 /* UIButton+LoadImage.m in Sources */,
				73DC4D76207A1CF80047F53A /* AppDelegate+VisibleNVC.m in Sources */,
			);
			runOnlyForDeploymentPostprocessing = 0;
		};
		732079242068DE7900F43EB9 /* Sources */ = {
			isa = PBXSourcesBuildPhase;
			buildActionMask = 2147483647;
			files = (
				7320792D2068DE7900F43EB9 /* iOSProjectTests.m in Sources */,
			);
			runOnlyForDeploymentPostprocessing = 0;
		};
		7320792F2068DE7900F43EB9 /* Sources */ = {
			isa = PBXSourcesBuildPhase;
			buildActionMask = 2147483647;
			files = (
				732079382068DE7900F43EB9 /* iOSProjectUITests.m in Sources */,
			);
			runOnlyForDeploymentPostprocessing = 0;
		};
/* End PBXSourcesBuildPhase section */

/* Begin PBXTargetDependency section */
		7320792A2068DE7900F43EB9 /* PBXTargetDependency */ = {
			isa = PBXTargetDependency;
			target = 7320790F2068DE7900F43EB9 /* iOSProject */;
			targetProxy = 732079292068DE7900F43EB9 /* PBXContainerItemProxy */;
		};
		732079352068DE7900F43EB9 /* PBXTargetDependency */ = {
			isa = PBXTargetDependency;
			target = 7320790F2068DE7900F43EB9 /* iOSProject */;
			targetProxy = 732079342068DE7900F43EB9 /* PBXContainerItemProxy */;
		};
/* End PBXTargetDependency section */

/* Begin PBXVariantGroup section */
		7320791E2068DE7900F43EB9 /* LaunchScreen.storyboard */ = {
			isa = PBXVariantGroup;
			children = (
				7320791F2068DE7900F43EB9 /* Base */,
			);
			name = LaunchScreen.storyboard;
			sourceTree = "<group>";
		};
/* End PBXVariantGroup section */

/* Begin XCBuildConfiguration section */
		7320793A2068DE7900F43EB9 /* Debug */ = {
			isa = XCBuildConfiguration;
			buildSettings = {
				ALWAYS_SEARCH_USER_PATHS = NO;
				CLANG_ANALYZER_NONNULL = YES;
				CLANG_ANALYZER_NUMBER_OBJECT_CONVERSION = YES_AGGRESSIVE;
				CLANG_CXX_LANGUAGE_STANDARD = "gnu++14";
				CLANG_CXX_LIBRARY = "libc++";
				CLANG_ENABLE_MODULES = YES;
				CLANG_ENABLE_OBJC_ARC = YES;
				CLANG_WARN_BLOCK_CAPTURE_AUTORELEASING = YES;
				CLANG_WARN_BOOL_CONVERSION = YES;
				CLANG_WARN_COMMA = YES;
				CLANG_WARN_CONSTANT_CONVERSION = YES;
				CLANG_WARN_DEPRECATED_OBJC_IMPLEMENTATIONS = YES;
				CLANG_WARN_DIRECT_OBJC_ISA_USAGE = YES_ERROR;
				CLANG_WARN_DOCUMENTATION_COMMENTS = YES;
				CLANG_WARN_EMPTY_BODY = YES;
				CLANG_WARN_ENUM_CONVERSION = YES;
				CLANG_WARN_INFINITE_RECURSION = YES;
				CLANG_WARN_INT_CONVERSION = YES;
				CLANG_WARN_NON_LITERAL_NULL_CONVERSION = YES;
				CLANG_WARN_OBJC_IMPLICIT_RETAIN_SELF = YES;
				CLANG_WARN_OBJC_LITERAL_CONVERSION = YES;
				CLANG_WARN_OBJC_ROOT_CLASS = YES_ERROR;
				CLANG_WARN_RANGE_LOOP_ANALYSIS = YES;
				CLANG_WARN_STRICT_PROTOTYPES = YES;
				CLANG_WARN_SUSPICIOUS_MOVE = YES;
				CLANG_WARN_UNGUARDED_AVAILABILITY = YES_AGGRESSIVE;
				CLANG_WARN_UNREACHABLE_CODE = YES;
				CLANG_WARN__DUPLICATE_METHOD_MATCH = YES;
				CODE_SIGN_IDENTITY = "iPhone Developer";
				COPY_PHASE_STRIP = NO;
				DEBUG_INFORMATION_FORMAT = dwarf;
				ENABLE_STRICT_OBJC_MSGSEND = YES;
				ENABLE_TESTABILITY = YES;
				GCC_C_LANGUAGE_STANDARD = gnu11;
				GCC_DYNAMIC_NO_PIC = NO;
				GCC_NO_COMMON_BLOCKS = YES;
				GCC_OPTIMIZATION_LEVEL = 0;
				GCC_PREPROCESSOR_DEFINITIONS = (
					"DEBUG=1",
					"$(inherited)",
				);
				GCC_WARN_64_TO_32_BIT_CONVERSION = YES;
				GCC_WARN_ABOUT_RETURN_TYPE = YES_ERROR;
				GCC_WARN_UNDECLARED_SELECTOR = YES;
				GCC_WARN_UNINITIALIZED_AUTOS = YES_AGGRESSIVE;
				GCC_WARN_UNUSED_FUNCTION = YES;
				GCC_WARN_UNUSED_VARIABLE = YES;
				IPHONEOS_DEPLOYMENT_TARGET = 11.2;
				MTL_ENABLE_DEBUG_INFO = YES;
				ONLY_ACTIVE_ARCH = YES;
				SDKROOT = iphoneos;
			};
			name = Debug;
		};
		7320793B2068DE7900F43EB9 /* Release */ = {
			isa = XCBuildConfiguration;
			buildSettings = {
				ALWAYS_SEARCH_USER_PATHS = NO;
				CLANG_ANALYZER_NONNULL = YES;
				CLANG_ANALYZER_NUMBER_OBJECT_CONVERSION = YES_AGGRESSIVE;
				CLANG_CXX_LANGUAGE_STANDARD = "gnu++14";
				CLANG_CXX_LIBRARY = "libc++";
				CLANG_ENABLE_MODULES = YES;
				CLANG_ENABLE_OBJC_ARC = YES;
				CLANG_WARN_BLOCK_CAPTURE_AUTORELEASING = YES;
				CLANG_WARN_BOOL_CONVERSION = YES;
				CLANG_WARN_COMMA = YES;
				CLANG_WARN_CONSTANT_CONVERSION = YES;
				CLANG_WARN_DEPRECATED_OBJC_IMPLEMENTATIONS = YES;
				CLANG_WARN_DIRECT_OBJC_ISA_USAGE = YES_ERROR;
				CLANG_WARN_DOCUMENTATION_COMMENTS = YES;
				CLANG_WARN_EMPTY_BODY = YES;
				CLANG_WARN_ENUM_CONVERSION = YES;
				CLANG_WARN_INFINITE_RECURSION = YES;
				CLANG_WARN_INT_CONVERSION = YES;
				CLANG_WARN_NON_LITERAL_NULL_CONVERSION = YES;
				CLANG_WARN_OBJC_IMPLICIT_RETAIN_SELF = YES;
				CLANG_WARN_OBJC_LITERAL_CONVERSION = YES;
				CLANG_WARN_OBJC_ROOT_CLASS = YES_ERROR;
				CLANG_WARN_RANGE_LOOP_ANALYSIS = YES;
				CLANG_WARN_STRICT_PROTOTYPES = YES;
				CLANG_WARN_SUSPICIOUS_MOVE = YES;
				CLANG_WARN_UNGUARDED_AVAILABILITY = YES_AGGRESSIVE;
				CLANG_WARN_UNREACHABLE_CODE = YES;
				CLANG_WARN__DUPLICATE_METHOD_MATCH = YES;
				CODE_SIGN_IDENTITY = "iPhone Developer";
				COPY_PHASE_STRIP = NO;
				DEBUG_INFORMATION_FORMAT = "dwarf-with-dsym";
				ENABLE_NS_ASSERTIONS = NO;
				ENABLE_STRICT_OBJC_MSGSEND = YES;
				GCC_C_LANGUAGE_STANDARD = gnu11;
				GCC_NO_COMMON_BLOCKS = YES;
				GCC_WARN_64_TO_32_BIT_CONVERSION = YES;
				GCC_WARN_ABOUT_RETURN_TYPE = YES_ERROR;
				GCC_WARN_UNDECLARED_SELECTOR = YES;
				GCC_WARN_UNINITIALIZED_AUTOS = YES_AGGRESSIVE;
				GCC_WARN_UNUSED_FUNCTION = YES;
				GCC_WARN_UNUSED_VARIABLE = YES;
				IPHONEOS_DEPLOYMENT_TARGET = 11.2;
				MTL_ENABLE_DEBUG_INFO = NO;
				SDKROOT = iphoneos;
				VALIDATE_PRODUCT = YES;
			};
			name = Release;
		};
		7320793D2068DE7900F43EB9 /* Debug */ = {
			isa = XCBuildConfiguration;
			baseConfigurationReference = AE809EA2E2E94572515931B0 /* Pods-iOSProject.debug.xcconfig */;
			buildSettings = {
				ASSETCATALOG_COMPILER_APPICON_NAME = AppIcon;
				CODE_SIGN_STYLE = Automatic;
				DEVELOPMENT_TEAM = K4LJN2BQ66;
				GCC_PRECOMPILE_PREFIX_HEADER = YES;
				GCC_PREFIX_HEADER = "$(SRCROOT)/iOSProject/PrefixHeader.pch";
				INFOPLIST_FILE = iOSProject/Info.plist;
				IPHONEOS_DEPLOYMENT_TARGET = 9.0;
				LD_RUNPATH_SEARCH_PATHS = "$(inherited) @executable_path/Frameworks";
				PRODUCT_BUNDLE_IDENTIFIER = com.dxw.iOSProject;
				PRODUCT_NAME = "$(TARGET_NAME)";
				TARGETED_DEVICE_FAMILY = "1,2";
			};
			name = Debug;
		};
		7320793E2068DE7900F43EB9 /* Release */ = {
			isa = XCBuildConfiguration;
			baseConfigurationReference = A58123A1BF733D9ABB02DE62 /* Pods-iOSProject.release.xcconfig */;
			buildSettings = {
				ASSETCATALOG_COMPILER_APPICON_NAME = AppIcon;
				CODE_SIGN_STYLE = Automatic;
				DEVELOPMENT_TEAM = K4LJN2BQ66;
				GCC_PRECOMPILE_PREFIX_HEADER = YES;
				GCC_PREFIX_HEADER = "$(SRCROOT)/iOSProject/PrefixHeader.pch";
				INFOPLIST_FILE = iOSProject/Info.plist;
				IPHONEOS_DEPLOYMENT_TARGET = 9.0;
				LD_RUNPATH_SEARCH_PATHS = "$(inherited) @executable_path/Frameworks";
				PRODUCT_BUNDLE_IDENTIFIER = com.dxw.iOSProject;
				PRODUCT_NAME = "$(TARGET_NAME)";
				TARGETED_DEVICE_FAMILY = "1,2";
			};
			name = Release;
		};
		732079402068DE7900F43EB9 /* Debug */ = {
			isa = XCBuildConfiguration;
			baseConfigurationReference = 6CA40F5C0B6657B83682C4A7 /* Pods-iOSProjectTests.debug.xcconfig */;
			buildSettings = {
				BUNDLE_LOADER = "$(TEST_HOST)";
				CODE_SIGN_STYLE = Automatic;
				DEVELOPMENT_TEAM = K4LJN2BQ66;
				INFOPLIST_FILE = iOSProjectTests/Info.plist;
				LD_RUNPATH_SEARCH_PATHS = "$(inherited) @executable_path/Frameworks @loader_path/Frameworks";
				PRODUCT_BUNDLE_IDENTIFIER = com.dxw.iOSProjectTests;
				PRODUCT_NAME = "$(TARGET_NAME)";
				TARGETED_DEVICE_FAMILY = "1,2";
				TEST_HOST = "$(BUILT_PRODUCTS_DIR)/iOSProject.app/iOSProject";
			};
			name = Debug;
		};
		732079412068DE7900F43EB9 /* Release */ = {
			isa = XCBuildConfiguration;
			baseConfigurationReference = 8C04CC64E146DFC6C8F2E7B8 /* Pods-iOSProjectTests.release.xcconfig */;
			buildSettings = {
				BUNDLE_LOADER = "$(TEST_HOST)";
				CODE_SIGN_STYLE = Automatic;
				DEVELOPMENT_TEAM = K4LJN2BQ66;
				INFOPLIST_FILE = iOSProjectTests/Info.plist;
				LD_RUNPATH_SEARCH_PATHS = "$(inherited) @executable_path/Frameworks @loader_path/Frameworks";
				PRODUCT_BUNDLE_IDENTIFIER = com.dxw.iOSProjectTests;
				PRODUCT_NAME = "$(TARGET_NAME)";
				TARGETED_DEVICE_FAMILY = "1,2";
				TEST_HOST = "$(BUILT_PRODUCTS_DIR)/iOSProject.app/iOSProject";
			};
			name = Release;
		};
		732079432068DE7900F43EB9 /* Debug */ = {
			isa = XCBuildConfiguration;
			baseConfigurationReference = 210D74A44C82AF942B1E4879 /* Pods-iOSProjectUITests.debug.xcconfig */;
			buildSettings = {
				CODE_SIGN_STYLE = Automatic;
				DEVELOPMENT_TEAM = K4LJN2BQ66;
				INFOPLIST_FILE = iOSProjectUITests/Info.plist;
				LD_RUNPATH_SEARCH_PATHS = "$(inherited) @executable_path/Frameworks @loader_path/Frameworks";
				PRODUCT_BUNDLE_IDENTIFIER = com.dxw.iOSProjectUITests;
				PRODUCT_NAME = "$(TARGET_NAME)";
				TARGETED_DEVICE_FAMILY = "1,2";
				TEST_TARGET_NAME = iOSProject;
			};
			name = Debug;
		};
		732079442068DE7900F43EB9 /* Release */ = {
			isa = XCBuildConfiguration;
			baseConfigurationReference = F056DBD42E988CA8ACB8D85F /* Pods-iOSProjectUITests.release.xcconfig */;
			buildSettings = {
				CODE_SIGN_STYLE = Automatic;
				DEVELOPMENT_TEAM = K4LJN2BQ66;
				INFOPLIST_FILE = iOSProjectUITests/Info.plist;
				LD_RUNPATH_SEARCH_PATHS = "$(inherited) @executable_path/Frameworks @loader_path/Frameworks";
				PRODUCT_BUNDLE_IDENTIFIER = com.dxw.iOSProjectUITests;
				PRODUCT_NAME = "$(TARGET_NAME)";
				TARGETED_DEVICE_FAMILY = "1,2";
				TEST_TARGET_NAME = iOSProject;
			};
			name = Release;
		};
/* End XCBuildConfiguration section */

/* Begin XCConfigurationList section */
		7320790B2068DE7900F43EB9 /* Build configuration list for PBXProject "iOSProject" */ = {
			isa = XCConfigurationList;
			buildConfigurations = (
				7320793A2068DE7900F43EB9 /* Debug */,
				7320793B2068DE7900F43EB9 /* Release */,
			);
			defaultConfigurationIsVisible = 0;
			defaultConfigurationName = Release;
		};
		7320793C2068DE7900F43EB9 /* Build configuration list for PBXNativeTarget "iOSProject" */ = {
			isa = XCConfigurationList;
			buildConfigurations = (
				7320793D2068DE7900F43EB9 /* Debug */,
				7320793E2068DE7900F43EB9 /* Release */,
			);
			defaultConfigurationIsVisible = 0;
			defaultConfigurationName = Release;
		};
		7320793F2068DE7900F43EB9 /* Build configuration list for PBXNativeTarget "iOSProjectTests" */ = {
			isa = XCConfigurationList;
			buildConfigurations = (
				732079402068DE7900F43EB9 /* Debug */,
				732079412068DE7900F43EB9 /* Release */,
			);
			defaultConfigurationIsVisible = 0;
			defaultConfigurationName = Release;
		};
		732079422068DE7900F43EB9 /* Build configuration list for PBXNativeTarget "iOSProjectUITests" */ = {
			isa = XCConfigurationList;
			buildConfigurations = (
				732079432068DE7900F43EB9 /* Debug */,
				732079442068DE7900F43EB9 /* Release */,
			);
			defaultConfigurationIsVisible = 0;
			defaultConfigurationName = Release;
		};
/* End XCConfigurationList section */
	};
	rootObject = 732079082068DE7900F43EB9 /* Project object */;
}
